
Microsoft Visual Studio Solution File, Format Version 12.00
# Visual Studio Version 17
VisualStudioVersion = 17.14.36221.1 d17.14
MinimumVisualStudioVersion = 10.0.40219.1
Project("{FAE04EC0-301F-11D3-BF4B-00C04F79EFBC}") = "Orders.Backend", "Orders.Backend\Orders.Backend.csproj", "{3C18A644-35E4-4444-B47C-2B4579FE0319}"
EndProject
Project("{FAE04EC0-301F-11D3-BF4B-00C04F79EFBC}") = "Orders.Frontend", "Orders.Frontend\Orders.Frontend.csproj", "{6A1E0021-AACF-4513-84FB-82D09FA9B1B2}"
EndProject
Project("{FAE04EC0-301F-11D3-BF4B-00C04F79EFBC}") = "Orders.Shared", "Orders.Shared\Orders.Shared.csproj", "{AB38D0FE-1107-49A9-8387-13C67AB65974}"
EndProject
Project("{FAE04EC0-301F-11D3-BF4B-00C04F79EFBC}") = "Orders.Tests", "Orders.Tests\Orders.Tests.csproj", "{6A52CF45-71F9-46EB-A2CE-A07E91A8AEEC}"
EndProject
Global
	GlobalSection(SolutionConfigurationPlatforms) = preSolution
		Debug|Any CPU = Debug|Any CPU
		Release|Any CPU = Release|Any CPU
	EndGlobalSection
	GlobalSection(ProjectConfigurationPlatforms) = postSolution
		{3C18A644-35E4-4444-B47C-2B4579FE0319}.Debug|Any CPU.ActiveCfg = Debug|Any CPU
		{3C18A644-35E4-4444-B47C-2B4579FE0319}.Debug|Any CPU.Build.0 = Debug|Any CPU
		{3C18A644-35E4-4444-B47C-2B4579FE0319}.Release|Any CPU.ActiveCfg = Release|Any CPU
		{3C18A644-35E4-4444-B47C-2B4579FE0319}.Release|Any CPU.Build.0 = Release|Any CPU
		{6A1E0021-AACF-4513-84FB-82D09FA9B1B2}.Debug|Any CPU.ActiveCfg = Debug|Any CPU
		{6A1E0021-AACF-4513-84FB-82D09FA9B1B2}.Debug|Any CPU.Build.0 = Debug|Any CPU
		{6A1E0021-AACF-4513-84FB-82D09FA9B1B2}.Release|Any CPU.ActiveCfg = Release|Any CPU
		{6A1E0021-AACF-4513-84FB-82D09FA9B1B2}.Release|Any CPU.Build.0 = Release|Any CPU
		{AB38D0FE-1107-49A9-8387-13C67AB65974}.Debug|Any CPU.ActiveCfg = Debug|Any CPU
		{AB38D0FE-1107-49A9-8387-13C67AB65974}.Debug|Any CPU.Build.0 = Debug|Any CPU
		{AB38D0FE-1107-49A9-8387-13C67AB65974}.Release|Any CPU.ActiveCfg = Release|Any CPU
		{AB38D0FE-1107-49A9-8387-13C67AB65974}.Release|Any CPU.Build.0 = Release|Any CPU
		{6A52CF45-71F9-46EB-A2CE-A07E91A8AEEC}.Debug|Any CPU.ActiveCfg = Debug|Any CPU
		{6A52CF45-71F9-46EB-A2CE-A07E91A8AEEC}.Debug|Any CPU.Build.0 = Debug|Any CPU
		{6A52CF45-71F9-46EB-A2CE-A07E91A8AEEC}.Release|Any CPU.ActiveCfg = Release|Any CPU
		{6A52CF45-71F9-46EB-A2CE-A07E91A8AEEC}.Release|Any CPU.Build.0 = Release|Any CPU
	EndGlobalSection
	GlobalSection(SolutionProperties) = preSolution
		HideSolutionNode = FALSE
	EndGlobalSection
	GlobalSection(ExtensibilityGlobals) = postSolution
		SolutionGuid = {544836F0-71B6-484A-A0E9-8AFC40E544B6}
	EndGlobalSection
EndGlobal
